
Microsoft Visual Studio Solution File, Format Version 12.00
# Visual Studio Version 17
VisualStudioVersion = 17.7.34202.233
MinimumVisualStudioVersion = 10.0.40219.1
Project("{FAE04EC0-301F-11D3-BF4B-00C04F79EFBC}") = "ShowroomManagement", "ShowroomManagement\ShowroomManagement.csproj", "{676283CB-40AE-47FF-972B-BC4EE9262BB7}"
EndProject
Project("{FAE04EC0-301F-11D3-BF4B-00C04F79EFBC}") = "ShowroomManagementAPI", "ShowroomManagementAPI\ShowroomManagementAPI.csproj", "{66C977A3-5C21-4424-87C5-5AA450D76095}"
EndProject
Project("{FAE04EC0-301F-11D3-BF4B-00C04F79EFBC}") = "BusinessLogics", "BusinessLogics\BusinessLogics.csproj", "{A8EF424A-21C5-4A9F-8DC8-9C952452238E}"
EndProject
Project("{FAE04EC0-301F-11D3-BF4B-00C04F79EFBC}") = "DataAcess", "DataAcess\DataAcess.csproj", "{A0C3D2A6-1571-48FF-9314-5F7539994EF2}"
EndProject
Global
	GlobalSection(SolutionConfigurationPlatforms) = preSolution
		Debug|Any CPU = Debug|Any CPU
		Release|Any CPU = Release|Any CPU
	EndGlobalSection
	GlobalSection(ProjectConfigurationPlatforms) = postSolution
		{676283CB-40AE-47FF-972B-BC4EE9262BB7}.Debug|Any CPU.ActiveCfg = Debug|Any CPU
		{676283CB-40AE-47FF-972B-BC4EE9262BB7}.Debug|Any CPU.Build.0 = Debug|Any CPU
		{676283CB-40AE-47FF-972B-BC4EE9262BB7}.Release|Any CPU.ActiveCfg = Release|Any CPU
		{676283CB-40AE-47FF-972B-BC4EE9262BB7}.Release|Any CPU.Build.0 = Release|Any CPU
		{66C977A3-5C21-4424-87C5-5AA450D76095}.Debug|Any CPU.ActiveCfg = Debug|Any CPU
		{66C977A3-5C21-4424-87C5-5AA450D76095}.Debug|Any CPU.Build.0 = Debug|Any CPU
		{66C977A3-5C21-4424-87C5-5AA450D76095}.Release|Any CPU.ActiveCfg = Release|Any CPU
		{66C977A3-5C21-4424-87C5-5AA450D76095}.Release|Any CPU.Build.0 = Release|Any CPU
		{A8EF424A-21C5-4A9F-8DC8-9C952452238E}.Debug|Any CPU.ActiveCfg = Debug|Any CPU
		{A8EF424A-21C5-4A9F-8DC8-9C952452238E}.Debug|Any CPU.Build.0 = Debug|Any CPU
		{A8EF424A-21C5-4A9F-8DC8-9C952452238E}.Release|Any CPU.ActiveCfg = Release|Any CPU
		{A8EF424A-21C5-4A9F-8DC8-9C952452238E}.Release|Any CPU.Build.0 = Release|Any CPU
		{A0C3D2A6-1571-48FF-9314-5F7539994EF2}.Debug|Any CPU.ActiveCfg = Debug|Any CPU
		{A0C3D2A6-1571-48FF-9314-5F7539994EF2}.Debug|Any CPU.Build.0 = Debug|Any CPU
		{A0C3D2A6-1571-48FF-9314-5F7539994EF2}.Release|Any CPU.ActiveCfg = Release|Any CPU
		{A0C3D2A6-1571-48FF-9314-5F7539994EF2}.Release|Any CPU.Build.0 = Release|Any CPU
	EndGlobalSection
	GlobalSection(SolutionProperties) = preSolution
		HideSolutionNode = FALSE
	EndGlobalSection
	GlobalSection(ExtensibilityGlobals) = postSolution
		SolutionGuid = {4B0D9D12-631E-427D-B20E-4E48108C649A}
	EndGlobalSection
EndGlobal
